
Microsoft Visual Studio Solution File, Format Version 11.00
# Visual Studio 2010
Project("{FAE04EC0-301F-11D3-BF4B-00C04F79EFBC}") = "Assembly-CSharp", "Assembly-CSharp.csproj", "{66F93836-1D8D-4412-8D92-DA7681A6C382}"
EndProject
Project("{FAE04EC0-301F-11D3-BF4B-00C04F79EFBC}") = "Assembly-CSharp-Editor", "Assembly-CSharp-Editor.csproj", "{8335687B-FF69-917D-7065-1F1E2EE84F43}"
EndProject
Global
	GlobalSection(SolutionConfigurationPlatforms) = preSolution
		Debug|Any CPU = Debug|Any CPU
		Release|Any CPU = Release|Any CPU
	EndGlobalSection
	GlobalSection(ProjectConfigurationPlatforms) = postSolution
		{66F93836-1D8D-4412-8D92-DA7681A6C382}.Debug|Any CPU.ActiveCfg = Debug|Any CPU
		{66F93836-1D8D-4412-8D92-DA7681A6C382}.Debug|Any CPU.Build.0 = Debug|Any CPU
		{66F93836-1D8D-4412-8D92-DA7681A6C382}.Release|Any CPU.ActiveCfg = Release|Any CPU
		{66F93836-1D8D-4412-8D92-DA7681A6C382}.Release|Any CPU.Build.0 = Release|Any CPU
		{8335687B-FF69-917D-7065-1F1E2EE84F43}.Debug|Any CPU.ActiveCfg = Debug|Any CPU
		{8335687B-FF69-917D-7065-1F1E2EE84F43}.Debug|Any CPU.Build.0 = Debug|Any CPU
		{8335687B-FF69-917D-7065-1F1E2EE84F43}.Release|Any CPU.ActiveCfg = Release|Any CPU
		{8335687B-FF69-917D-7065-1F1E2EE84F43}.Release|Any CPU.Build.0 = Release|Any CPU
	EndGlobalSection
	GlobalSection(SolutionProperties) = preSolution
		HideSolutionNode = FALSE
	EndGlobalSection
	GlobalSection(MonoDevelopProperties) = preSolution
		StartupItem = Assembly-CSharp.csproj
	EndGlobalSection
EndGlobal
